
Microsoft Visual Studio Solution File, Format Version 12.00
# Visual Studio Version 16
VisualStudioVersion = 25.0.1706.5
MinimumVisualStudioVersion = 10.0.40219.1
Project("{FAE04EC0-301F-11D3-BF4B-00C04F79EFBC}") = "4 cinema application", "4 cinema application\4 cinema application.csproj", "{CFE12118-1F23-4AB0-B6F8-4AA72E8CA1CC}"
EndProject
Global
	GlobalSection(SolutionConfigurationPlatforms) = preSolution
		Debug|Any CPU = Debug|Any CPU
		Release|Any CPU = Release|Any CPU
	EndGlobalSection
	GlobalSection(ProjectConfigurationPlatforms) = postSolution
		{CFE12118-1F23-4AB0-B6F8-4AA72E8CA1CC}.Debug|Any CPU.ActiveCfg = Debug|Any CPU
		{CFE12118-1F23-4AB0-B6F8-4AA72E8CA1CC}.Debug|Any CPU.Build.0 = Debug|Any CPU
		{CFE12118-1F23-4AB0-B6F8-4AA72E8CA1CC}.Release|Any CPU.ActiveCfg = Release|Any CPU
		{CFE12118-1F23-4AB0-B6F8-4AA72E8CA1CC}.Release|Any CPU.Build.0 = Release|Any CPU
	EndGlobalSection
	GlobalSection(SolutionProperties) = preSolution
		HideSolutionNode = FALSE
	EndGlobalSection
	GlobalSection(ExtensibilityGlobals) = postSolution
		SolutionGuid = {BDBE4B28-6692-4CD8-AEC5-5A672ADE0BB2}
	EndGlobalSection
EndGlobal
